
Microsoft Visual Studio Solution File, Format Version 12.00
# Visual Studio Version 16
VisualStudioVersion = 16.0.31205.134
MinimumVisualStudioVersion = 10.0.40219.1
Project("{FAE04EC0-301F-11D3-BF4B-00C04F79EFBC}") = "ASP.NET_CORE_HTML5_WebSite", "ASP.NET_CORE_HTML5_WebSite\ASP.NET_CORE_HTML5_WebSite.csproj", "{1D982D50-D6AC-4FF6-A52F-808294BCE861}"
EndProject
Global
	GlobalSection(SolutionConfigurationPlatforms) = preSolution
		Debug|Any CPU = Debug|Any CPU
		Release|Any CPU = Release|Any CPU
	EndGlobalSection
	GlobalSection(ProjectConfigurationPlatforms) = postSolution
		{1D982D50-D6AC-4FF6-A52F-808294BCE861}.Debug|Any CPU.ActiveCfg = Debug|Any CPU
		{1D982D50-D6AC-4FF6-A52F-808294BCE861}.Debug|Any CPU.Build.0 = Debug|Any CPU
		{1D982D50-D6AC-4FF6-A52F-808294BCE861}.Release|Any CPU.ActiveCfg = Release|Any CPU
		{1D982D50-D6AC-4FF6-A52F-808294BCE861}.Release|Any CPU.Build.0 = Release|Any CPU
	EndGlobalSection
	GlobalSection(SolutionProperties) = preSolution
		HideSolutionNode = FALSE
	EndGlobalSection
	GlobalSection(ExtensibilityGlobals) = postSolution
		SolutionGuid = {7C6981EE-BF93-48BA-AE8A-E84AD67AACE3}
	EndGlobalSection
EndGlobal
